
Microsoft Visual Studio Solution File, Format Version 12.00
# Visual Studio Version 17
VisualStudioVersion = 17.8.34330.188
MinimumVisualStudioVersion = 10.0.40219.1
Project("{9A19103F-16F7-4668-BE54-9A1E7A4F7556}") = "WebApplication2", "WebApplication2.csproj", "{8158981E-C988-4039-B200-85287812B364}"
EndProject
Project("{FAE04EC0-301F-11D3-BF4B-00C04F79EFBC}") = "WebApplication2Tests", "..\WebApplication2Tests\WebApplication2Tests.csproj", "{14108B02-C74F-45A7-98AC-2ACEBFAAB0A9}"
EndProject
Global
	GlobalSection(SolutionConfigurationPlatforms) = preSolution
		Debug|Any CPU = Debug|Any CPU
		Release|Any CPU = Release|Any CPU
	EndGlobalSection
	GlobalSection(ProjectConfigurationPlatforms) = postSolution
		{8158981E-C988-4039-B200-85287812B364}.Debug|Any CPU.ActiveCfg = Debug|Any CPU
		{8158981E-C988-4039-B200-85287812B364}.Debug|Any CPU.Build.0 = Debug|Any CPU
		{8158981E-C988-4039-B200-85287812B364}.Release|Any CPU.ActiveCfg = Release|Any CPU
		{8158981E-C988-4039-B200-85287812B364}.Release|Any CPU.Build.0 = Release|Any CPU
		{14108B02-C74F-45A7-98AC-2ACEBFAAB0A9}.Debug|Any CPU.ActiveCfg = Debug|Any CPU
		{14108B02-C74F-45A7-98AC-2ACEBFAAB0A9}.Debug|Any CPU.Build.0 = Debug|Any CPU
		{14108B02-C74F-45A7-98AC-2ACEBFAAB0A9}.Release|Any CPU.ActiveCfg = Release|Any CPU
		{14108B02-C74F-45A7-98AC-2ACEBFAAB0A9}.Release|Any CPU.Build.0 = Release|Any CPU
	EndGlobalSection
	GlobalSection(SolutionProperties) = preSolution
		HideSolutionNode = FALSE
	EndGlobalSection
	GlobalSection(ExtensibilityGlobals) = postSolution
		SolutionGuid = {F9D45F8B-4E7D-43E4-A903-673E95CFDA81}
	EndGlobalSection
EndGlobal
